
Microsoft Visual Studio Solution File, Format Version 12.00
# Visual Studio Version 16
VisualStudioVersion = 16.0.29215.179
MinimumVisualStudioVersion = 10.0.40219.1
Project("{FAE04EC0-301F-11D3-BF4B-00C04F79EFBC}") = "Lang", "Lang\Lang.csproj", "{3A27366A-A564-46E1-904E-D45BD1F95E33}"
EndProject
Global
	GlobalSection(SolutionConfigurationPlatforms) = preSolution
		Debug|Any CPU = Debug|Any CPU
		Release|Any CPU = Release|Any CPU
	EndGlobalSection
	GlobalSection(ProjectConfigurationPlatforms) = postSolution
		{3A27366A-A564-46E1-904E-D45BD1F95E33}.Debug|Any CPU.ActiveCfg = Debug|Any CPU
		{3A27366A-A564-46E1-904E-D45BD1F95E33}.Debug|Any CPU.Build.0 = Debug|Any CPU
		{3A27366A-A564-46E1-904E-D45BD1F95E33}.Release|Any CPU.ActiveCfg = Release|Any CPU
		{3A27366A-A564-46E1-904E-D45BD1F95E33}.Release|Any CPU.Build.0 = Release|Any CPU
	EndGlobalSection
	GlobalSection(SolutionProperties) = preSolution
		HideSolutionNode = FALSE
	EndGlobalSection
	GlobalSection(ExtensibilityGlobals) = postSolution
		SolutionGuid = {46F521C4-CAB0-4A69-AD75-6C39C71C9251}
	EndGlobalSection
EndGlobal
